
Microsoft Visual Studio Solution File, Format Version 12.00
# Visual Studio Version 17
VisualStudioVersion = 17.1.32210.238
MinimumVisualStudioVersion = 10.0.40219.1
Project("{9A19103F-16F7-4668-BE54-9A1E7A4F7556}") = "AzureDemo", "AzureDemo\AzureDemo.csproj", "{5BCF51A5-99E4-4ABF-8A3B-871F44C36DBF}"
EndProject
Project("{9A19103F-16F7-4668-BE54-9A1E7A4F7556}") = "AzureDemo.API", "AzureDemo.API\AzureDemo.API.csproj", "{C79ED1B2-3121-465D-B833-7B2FEBB4BF42}"
EndProject
Project("{9A19103F-16F7-4668-BE54-9A1E7A4F7556}") = "AzureDemo.Domain", "AzureDemo.Domain\AzureDemo.Domain.csproj", "{41DA22FC-1BAF-4D05-A0DE-9E4249D70C44}"
EndProject
Project("{9A19103F-16F7-4668-BE54-9A1E7A4F7556}") = "AzureDemo.Infrastructure", "AzureDemo.Infrastructure\AzureDemo.Infrastructure.csproj", "{8C2FBE51-AC37-4F23-A170-13EC3F346366}"
EndProject
Global
	GlobalSection(SolutionConfigurationPlatforms) = preSolution
		Debug|Any CPU = Debug|Any CPU
		Release|Any CPU = Release|Any CPU
	EndGlobalSection
	GlobalSection(ProjectConfigurationPlatforms) = postSolution
		{5BCF51A5-99E4-4ABF-8A3B-871F44C36DBF}.Debug|Any CPU.ActiveCfg = Debug|Any CPU
		{5BCF51A5-99E4-4ABF-8A3B-871F44C36DBF}.Debug|Any CPU.Build.0 = Debug|Any CPU
		{5BCF51A5-99E4-4ABF-8A3B-871F44C36DBF}.Release|Any CPU.ActiveCfg = Release|Any CPU
		{5BCF51A5-99E4-4ABF-8A3B-871F44C36DBF}.Release|Any CPU.Build.0 = Release|Any CPU
		{C79ED1B2-3121-465D-B833-7B2FEBB4BF42}.Debug|Any CPU.ActiveCfg = Debug|Any CPU
		{C79ED1B2-3121-465D-B833-7B2FEBB4BF42}.Debug|Any CPU.Build.0 = Debug|Any CPU
		{C79ED1B2-3121-465D-B833-7B2FEBB4BF42}.Release|Any CPU.ActiveCfg = Release|Any CPU
		{C79ED1B2-3121-465D-B833-7B2FEBB4BF42}.Release|Any CPU.Build.0 = Release|Any CPU
		{41DA22FC-1BAF-4D05-A0DE-9E4249D70C44}.Debug|Any CPU.ActiveCfg = Debug|Any CPU
		{41DA22FC-1BAF-4D05-A0DE-9E4249D70C44}.Debug|Any CPU.Build.0 = Debug|Any CPU
		{41DA22FC-1BAF-4D05-A0DE-9E4249D70C44}.Release|Any CPU.ActiveCfg = Release|Any CPU
		{41DA22FC-1BAF-4D05-A0DE-9E4249D70C44}.Release|Any CPU.Build.0 = Release|Any CPU
		{8C2FBE51-AC37-4F23-A170-13EC3F346366}.Debug|Any CPU.ActiveCfg = Debug|Any CPU
		{8C2FBE51-AC37-4F23-A170-13EC3F346366}.Debug|Any CPU.Build.0 = Debug|Any CPU
		{8C2FBE51-AC37-4F23-A170-13EC3F346366}.Release|Any CPU.ActiveCfg = Release|Any CPU
		{8C2FBE51-AC37-4F23-A170-13EC3F346366}.Release|Any CPU.Build.0 = Release|Any CPU
	EndGlobalSection
	GlobalSection(SolutionProperties) = preSolution
		HideSolutionNode = FALSE
	EndGlobalSection
	GlobalSection(ExtensibilityGlobals) = postSolution
		SolutionGuid = {ED66EB4B-31EC-4363-93A9-515B99884423}
	EndGlobalSection
EndGlobal
